
Microsoft Visual Studio Solution File, Format Version 12.00
Project("{FAE04EC0-301F-11D3-BF4B-00C04F79EFBC}") = "SmtpTester", "SmtpTester\SmtpTester.csproj", "{B394C182-7C2A-4660-AE8F-225B716CCE7D}"
EndProject
Global
	GlobalSection(SolutionConfigurationPlatforms) = preSolution
		Debug|Any CPU = Debug|Any CPU
		Release|Any CPU = Release|Any CPU
	EndGlobalSection
	GlobalSection(ProjectConfigurationPlatforms) = postSolution
		{B394C182-7C2A-4660-AE8F-225B716CCE7D}.Debug|Any CPU.ActiveCfg = Debug|Any CPU
		{B394C182-7C2A-4660-AE8F-225B716CCE7D}.Debug|Any CPU.Build.0 = Debug|Any CPU
		{B394C182-7C2A-4660-AE8F-225B716CCE7D}.Release|Any CPU.ActiveCfg = Release|Any CPU
		{B394C182-7C2A-4660-AE8F-225B716CCE7D}.Release|Any CPU.Build.0 = Release|Any CPU
	EndGlobalSection
EndGlobal
